<?xml version="1.0" encoding="UTF-8"?>
<CodeBlocks_project_file>
	<FileVersion major="1" minor="6"/>
	<Project>
		<Option title="naruto"/>
		<Option makefile_is_custom="1"/>
		<Option compiler="gcc"/>
		<Option virtualFolders="CMake Files\;"/>
		<Build>
			<Target title="all">
				<Option working_dir="/Users/wangzhenkui/cproj/naruto"/>
				<Option type="4"/>
				<MakeCommands>
					<Build command="/usr/bin/make -f &quot;/Users/wangzhenkui/cproj/naruto/Makefile&quot;  VERBOSE=1 all"/>
					<CompileFile command="/usr/bin/make -f &quot;/Users/wangzhenkui/cproj/naruto/Makefile&quot;  VERBOSE=1 &quot;$file&quot;"/>
					<Clean command="/usr/bin/make -f &quot;/Users/wangzhenkui/cproj/naruto/Makefile&quot;  VERBOSE=1 clean"/>
					<DistClean command="/usr/bin/make -f &quot;/Users/wangzhenkui/cproj/naruto/Makefile&quot;  VERBOSE=1 clean"/>
				</MakeCommands>
			</Target>
			<Target title="rebuild_cache">
				<Option working_dir="/Users/wangzhenkui/cproj/naruto"/>
				<Option type="4"/>
				<MakeCommands>
					<Build command="/usr/bin/make -f &quot;/Users/wangzhenkui/cproj/naruto/Makefile&quot;  VERBOSE=1 rebuild_cache"/>
					<CompileFile command="/usr/bin/make -f &quot;/Users/wangzhenkui/cproj/naruto/Makefile&quot;  VERBOSE=1 &quot;$file&quot;"/>
					<Clean command="/usr/bin/make -f &quot;/Users/wangzhenkui/cproj/naruto/Makefile&quot;  VERBOSE=1 clean"/>
					<DistClean command="/usr/bin/make -f &quot;/Users/wangzhenkui/cproj/naruto/Makefile&quot;  VERBOSE=1 clean"/>
				</MakeCommands>
			</Target>
			<Target title="edit_cache">
				<Option working_dir="/Users/wangzhenkui/cproj/naruto"/>
				<Option type="4"/>
				<MakeCommands>
					<Build command="/usr/bin/make -f &quot;/Users/wangzhenkui/cproj/naruto/Makefile&quot;  VERBOSE=1 edit_cache"/>
					<CompileFile command="/usr/bin/make -f &quot;/Users/wangzhenkui/cproj/naruto/Makefile&quot;  VERBOSE=1 &quot;$file&quot;"/>
					<Clean command="/usr/bin/make -f &quot;/Users/wangzhenkui/cproj/naruto/Makefile&quot;  VERBOSE=1 clean"/>
					<DistClean command="/usr/bin/make -f &quot;/Users/wangzhenkui/cproj/naruto/Makefile&quot;  VERBOSE=1 clean"/>
				</MakeCommands>
			</Target>
			<Target title="naruto">
				<Option output="/Users/wangzhenkui/cproj/naruto/naruto" prefix_auto="0" extension_auto="0"/>
				<Option working_dir="/Users/wangzhenkui/cproj/naruto"/>
				<Option object_output="./"/>
				<Option type="1"/>
				<Option compiler="gcc"/>
				<Compiler>
					<Add directory="/Users/wangzhenkui/cproj/naruto/."/>
					<Add directory="/Users/wangzhenkui/cproj/naruto/utils"/>
					<Add directory="/Users/wangzhenkui/cproj/naruto/unittest"/>
					<Add directory="/usr/local/include"/>
				</Compiler>
				<MakeCommands>
					<Build command="/usr/bin/make -f &quot;/Users/wangzhenkui/cproj/naruto/Makefile&quot;  VERBOSE=1 naruto"/>
					<CompileFile command="/usr/bin/make -f &quot;/Users/wangzhenkui/cproj/naruto/Makefile&quot;  VERBOSE=1 &quot;$file&quot;"/>
					<Clean command="/usr/bin/make -f &quot;/Users/wangzhenkui/cproj/naruto/Makefile&quot;  VERBOSE=1 clean"/>
					<DistClean command="/usr/bin/make -f &quot;/Users/wangzhenkui/cproj/naruto/Makefile&quot;  VERBOSE=1 clean"/>
				</MakeCommands>
			</Target>
			<Target title="naruto/fast">
				<Option output="/Users/wangzhenkui/cproj/naruto/naruto" prefix_auto="0" extension_auto="0"/>
				<Option working_dir="/Users/wangzhenkui/cproj/naruto"/>
				<Option object_output="./"/>
				<Option type="1"/>
				<Option compiler="gcc"/>
				<Compiler>
					<Add directory="/Users/wangzhenkui/cproj/naruto/."/>
					<Add directory="/Users/wangzhenkui/cproj/naruto/utils"/>
					<Add directory="/Users/wangzhenkui/cproj/naruto/unittest"/>
					<Add directory="/usr/local/include"/>
				</Compiler>
				<MakeCommands>
					<Build command="/usr/bin/make -f &quot;/Users/wangzhenkui/cproj/naruto/Makefile&quot;  VERBOSE=1 naruto/fast"/>
					<CompileFile command="/usr/bin/make -f &quot;/Users/wangzhenkui/cproj/naruto/Makefile&quot;  VERBOSE=1 &quot;$file&quot;"/>
					<Clean command="/usr/bin/make -f &quot;/Users/wangzhenkui/cproj/naruto/Makefile&quot;  VERBOSE=1 clean"/>
					<DistClean command="/usr/bin/make -f &quot;/Users/wangzhenkui/cproj/naruto/Makefile&quot;  VERBOSE=1 clean"/>
				</MakeCommands>
			</Target>
			<Target title="ut">
				<Option output="/Users/wangzhenkui/cproj/naruto/ut" prefix_auto="0" extension_auto="0"/>
				<Option working_dir="/Users/wangzhenkui/cproj/naruto"/>
				<Option object_output="./"/>
				<Option type="1"/>
				<Option compiler="gcc"/>
				<Compiler>
					<Add directory="/Users/wangzhenkui/cproj/naruto/."/>
					<Add directory="/Users/wangzhenkui/cproj/naruto/utils"/>
					<Add directory="/Users/wangzhenkui/cproj/naruto/unittest"/>
					<Add directory="/usr/local/include"/>
				</Compiler>
				<MakeCommands>
					<Build command="/usr/bin/make -f &quot;/Users/wangzhenkui/cproj/naruto/Makefile&quot;  VERBOSE=1 ut"/>
					<CompileFile command="/usr/bin/make -f &quot;/Users/wangzhenkui/cproj/naruto/Makefile&quot;  VERBOSE=1 &quot;$file&quot;"/>
					<Clean command="/usr/bin/make -f &quot;/Users/wangzhenkui/cproj/naruto/Makefile&quot;  VERBOSE=1 clean"/>
					<DistClean command="/usr/bin/make -f &quot;/Users/wangzhenkui/cproj/naruto/Makefile&quot;  VERBOSE=1 clean"/>
				</MakeCommands>
			</Target>
			<Target title="ut/fast">
				<Option output="/Users/wangzhenkui/cproj/naruto/ut" prefix_auto="0" extension_auto="0"/>
				<Option working_dir="/Users/wangzhenkui/cproj/naruto"/>
				<Option object_output="./"/>
				<Option type="1"/>
				<Option compiler="gcc"/>
				<Compiler>
					<Add directory="/Users/wangzhenkui/cproj/naruto/."/>
					<Add directory="/Users/wangzhenkui/cproj/naruto/utils"/>
					<Add directory="/Users/wangzhenkui/cproj/naruto/unittest"/>
					<Add directory="/usr/local/include"/>
				</Compiler>
				<MakeCommands>
					<Build command="/usr/bin/make -f &quot;/Users/wangzhenkui/cproj/naruto/Makefile&quot;  VERBOSE=1 ut/fast"/>
					<CompileFile command="/usr/bin/make -f &quot;/Users/wangzhenkui/cproj/naruto/Makefile&quot;  VERBOSE=1 &quot;$file&quot;"/>
					<Clean command="/usr/bin/make -f &quot;/Users/wangzhenkui/cproj/naruto/Makefile&quot;  VERBOSE=1 clean"/>
					<DistClean command="/usr/bin/make -f &quot;/Users/wangzhenkui/cproj/naruto/Makefile&quot;  VERBOSE=1 clean"/>
				</MakeCommands>
			</Target>
			<Target title="client">
				<Option output="/Users/wangzhenkui/cproj/naruto/client" prefix_auto="0" extension_auto="0"/>
				<Option working_dir="/Users/wangzhenkui/cproj/naruto"/>
				<Option object_output="./"/>
				<Option type="1"/>
				<Option compiler="gcc"/>
				<Compiler>
					<Add directory="/Users/wangzhenkui/cproj/naruto/."/>
					<Add directory="/Users/wangzhenkui/cproj/naruto/utils"/>
					<Add directory="/Users/wangzhenkui/cproj/naruto/unittest"/>
					<Add directory="/usr/local/include"/>
				</Compiler>
				<MakeCommands>
					<Build command="/usr/bin/make -f &quot;/Users/wangzhenkui/cproj/naruto/Makefile&quot;  VERBOSE=1 client"/>
					<CompileFile command="/usr/bin/make -f &quot;/Users/wangzhenkui/cproj/naruto/Makefile&quot;  VERBOSE=1 &quot;$file&quot;"/>
					<Clean command="/usr/bin/make -f &quot;/Users/wangzhenkui/cproj/naruto/Makefile&quot;  VERBOSE=1 clean"/>
					<DistClean command="/usr/bin/make -f &quot;/Users/wangzhenkui/cproj/naruto/Makefile&quot;  VERBOSE=1 clean"/>
				</MakeCommands>
			</Target>
			<Target title="client/fast">
				<Option output="/Users/wangzhenkui/cproj/naruto/client" prefix_auto="0" extension_auto="0"/>
				<Option working_dir="/Users/wangzhenkui/cproj/naruto"/>
				<Option object_output="./"/>
				<Option type="1"/>
				<Option compiler="gcc"/>
				<Compiler>
					<Add directory="/Users/wangzhenkui/cproj/naruto/."/>
					<Add directory="/Users/wangzhenkui/cproj/naruto/utils"/>
					<Add directory="/Users/wangzhenkui/cproj/naruto/unittest"/>
					<Add directory="/usr/local/include"/>
				</Compiler>
				<MakeCommands>
					<Build command="/usr/bin/make -f &quot;/Users/wangzhenkui/cproj/naruto/Makefile&quot;  VERBOSE=1 client/fast"/>
					<CompileFile command="/usr/bin/make -f &quot;/Users/wangzhenkui/cproj/naruto/Makefile&quot;  VERBOSE=1 &quot;$file&quot;"/>
					<Clean command="/usr/bin/make -f &quot;/Users/wangzhenkui/cproj/naruto/Makefile&quot;  VERBOSE=1 clean"/>
					<DistClean command="/usr/bin/make -f &quot;/Users/wangzhenkui/cproj/naruto/Makefile&quot;  VERBOSE=1 clean"/>
				</MakeCommands>
			</Target>
		</Build>
		<Unit filename="/Users/wangzhenkui/cproj/naruto/clients/c++/connection.cpp">
			<Option target="naruto"/>
			<Option target="ut"/>
			<Option target="client"/>
		</Unit>
		<Unit filename="/Users/wangzhenkui/cproj/naruto/clients/c++/connection.h">
			<Option target="naruto"/>
			<Option target="ut"/>
			<Option target="client"/>
		</Unit>
		<Unit filename="/Users/wangzhenkui/cproj/naruto/clients/c++/connection_pool.cpp">
			<Option target="naruto"/>
			<Option target="ut"/>
			<Option target="client"/>
		</Unit>
		<Unit filename="/Users/wangzhenkui/cproj/naruto/clients/c++/connection_pool.h">
			<Option target="naruto"/>
			<Option target="ut"/>
			<Option target="client"/>
		</Unit>
		<Unit filename="/Users/wangzhenkui/cproj/naruto/clients/example/c++/example.cpp">
			<Option target="client"/>
		</Unit>
		<Unit filename="/Users/wangzhenkui/cproj/naruto/cluster.cpp">
			<Option target="naruto"/>
		</Unit>
		<Unit filename="/Users/wangzhenkui/cproj/naruto/cluster.h">
			<Option target="naruto"/>
		</Unit>
		<Unit filename="/Users/wangzhenkui/cproj/naruto/connect_worker.cpp">
			<Option target="naruto"/>
		</Unit>
		<Unit filename="/Users/wangzhenkui/cproj/naruto/connect_worker.h">
			<Option target="naruto"/>
		</Unit>
		<Unit filename="/Users/wangzhenkui/cproj/naruto/global.cpp">
			<Option target="naruto"/>
		</Unit>
		<Unit filename="/Users/wangzhenkui/cproj/naruto/global.h">
			<Option target="naruto"/>
		</Unit>
		<Unit filename="/Users/wangzhenkui/cproj/naruto/main.cpp">
			<Option target="naruto"/>
		</Unit>
		<Unit filename="/Users/wangzhenkui/cproj/naruto/naruto.cpp">
			<Option target="naruto"/>
		</Unit>
		<Unit filename="/Users/wangzhenkui/cproj/naruto/naruto.h">
			<Option target="naruto"/>
		</Unit>
		<Unit filename="/Users/wangzhenkui/cproj/naruto/net/connector.cpp">
			<Option target="naruto"/>
			<Option target="ut"/>
			<Option target="client"/>
		</Unit>
		<Unit filename="/Users/wangzhenkui/cproj/naruto/net/connector.h">
			<Option target="naruto"/>
			<Option target="ut"/>
			<Option target="client"/>
		</Unit>
		<Unit filename="/Users/wangzhenkui/cproj/naruto/protocol/message.pb.cc">
			<Option target="naruto"/>
			<Option target="ut"/>
			<Option target="client"/>
		</Unit>
		<Unit filename="/Users/wangzhenkui/cproj/naruto/s_connect.cpp">
			<Option target="naruto"/>
		</Unit>
		<Unit filename="/Users/wangzhenkui/cproj/naruto/s_connect.h">
			<Option target="naruto"/>
		</Unit>
		<Unit filename="/Users/wangzhenkui/cproj/naruto/unittest/ut_main.cpp">
			<Option target="ut"/>
		</Unit>
		<Unit filename="/Users/wangzhenkui/cproj/naruto/utils/bytes.cpp">
			<Option target="naruto"/>
			<Option target="ut"/>
			<Option target="client"/>
		</Unit>
		<Unit filename="/Users/wangzhenkui/cproj/naruto/utils/bytes.h">
			<Option target="naruto"/>
			<Option target="ut"/>
			<Option target="client"/>
		</Unit>
		<Unit filename="/Users/wangzhenkui/cproj/naruto/utils/errors.cpp">
			<Option target="naruto"/>
			<Option target="ut"/>
			<Option target="client"/>
		</Unit>
		<Unit filename="/Users/wangzhenkui/cproj/naruto/utils/errors.h">
			<Option target="naruto"/>
			<Option target="ut"/>
			<Option target="client"/>
		</Unit>
		<Unit filename="/Users/wangzhenkui/cproj/naruto/CMakeLists.txt">
			<Option virtualFolder="CMake Files\"/>
		</Unit>
	</Project>
</CodeBlocks_project_file>
